{
<<<<<<< HEAD
<<<<<<< HEAD
  "name": "code",
  "lockfileVersion": 2,
  "requires": true,
  "packages": {}
=======
  "lockfileVersion": 1
>>>>>>> a3ec4cb68f2938ce5c500bbb39788864c06db5e2
=======
  "name": "Vue",
  "lockfileVersion": 2,
  "requires": true,
  "packages": {}
>>>>>>> 968399f15ce65f7310a6db9cc853e6156d2ae79c
}
